{
    "version": 3,
    "terraform_version": "0.11.7",
    "serial": 2,
    "lineage": "45b0719a-128f-612a-842f-e8485a85abc7",
    "modules": [
        {
            "path": [
                "root"
            ],
            "outputs": {},
            "resources": {
                "aws_vpc.main": {
                    "type": "aws_vpc",
                    "depends_on": [],
                    "primary": {
                        "id": "vpc-8e9d66f4",
                        "attributes": {
                            "assign_generated_ipv6_cidr_block": "false",
                            "cidr_block": "180.160.0.0/16",
                            "default_network_acl_id": "acl-406b4b3a",
                            "default_route_table_id": "rtb-f076cf8f",
                            "default_security_group_id": "sg-a8b27ce2",
                            "dhcp_options_id": "dopt-3239bb54",
                            "enable_classiclink": "false",
                            "enable_classiclink_dns_support": "false",
                            "enable_dns_hostnames": "false",
                            "enable_dns_support": "true",
                            "id": "vpc-8e9d66f4",
                            "instance_tenancy": "default",
                            "main_route_table_id": "rtb-f076cf8f",
                            "tags.%": "2",
                            "tags.Location": "Houston",
                            "tags.Name": "main"
                        },
                        "meta": {
                            "schema_version": "1"
                        },
                        "tainted": false
                    },
                    "deposed": [],
                    "provider": "provider.aws"
                }
            },
            "depends_on": []
        }
    ]
}
